{
  "requires": true,
  "lockfileVersion": 1,
  "dependencies": {
    "@discordjs/builders": {
      "version": "0.6.0",
      "resolved": "https://registry.npmjs.org/@discordjs/builders/-/builders-0.6.0.tgz",
      "integrity": "sha512-mH3Gx61LKk2CD05laCI9K5wp+a3NyASHDUGx83DGJFkqJlRlSV5WMJNY6RS37A5SjqDtGMF4wVR9jzFaqShe6Q==",
      "requires": {
        "@sindresorhus/is": "^4.0.1",
        "discord-api-types": "^0.22.0",
        "ow": "^0.27.0",
        "ts-mixer": "^6.0.0",
        "tslib": "^2.3.1"
      },
      "dependencies": {
        "discord-api-types": {
          "version": "0.22.0",
          "resolved": "https://registry.npmjs.org/discord-api-types/-/discord-api-types-0.22.0.tgz",
          "integrity": "sha512-l8yD/2zRbZItUQpy7ZxBJwaLX/Bs2TGaCthRppk8Sw24LOIWg12t9JEreezPoYD0SQcC2htNNo27kYEpYW/Srg=="
        }
      }
    },
    "@discordjs/collection": {
      "version": "0.2.1",
      "resolved": "https://registry.npmjs.org/@discordjs/collection/-/collection-0.2.1.tgz",
      "integrity": "sha512-vhxqzzM8gkomw0TYRF3tgx7SwElzUlXT/Aa41O7mOcyN6wIJfj5JmDWaO5XGKsGSsNx7F3i5oIlrucCCWV1Nog=="
    },
    "@discordjs/form-data": {
      "version": "3.0.1",
      "resolved": "https://registry.npmjs.org/@discordjs/form-data/-/form-data-3.0.1.tgz",
      "integrity": "sha512-ZfFsbgEXW71Rw/6EtBdrP5VxBJy4dthyC0tpQKGKmYFImlmmrykO14Za+BiIVduwjte0jXEBlhSKf0MWbFp9Eg==",
      "requires": {
        "asynckit": "^0.4.0",
        "combined-stream": "^1.0.8",
        "mime-types": "^2.1.12"
      }
    },
    "@sapphire/async-queue": {
      "version": "1.1.6",
      "resolved": "https://registry.npmjs.org/@sapphire/async-queue/-/async-queue-1.1.6.tgz",
      "integrity": "sha512-M5CbgMgesemMUCQo5G/InGHvp+GZx6uuJNV1iwvSWD8EFNVrfxaTcqhcAXM3MPYkjlxvNnoDNk0R1lfzvca6LA=="
    },
    "@sindresorhus/is": {
      "version": "4.2.0",
      "resolved": "https://registry.npmjs.org/@sindresorhus/is/-/is-4.2.0.tgz",
      "integrity": "sha512-VkE3KLBmJwcCaVARtQpfuKcKv8gcBmUubrfHGF84dXuuW6jgsRYxPtzcIhPyK9WAPpRt2/xY6zkD9MnRaJzSyw=="
    },
    "@types/node": {
      "version": "16.11.0",
      "resolved": "https://registry.npmjs.org/@types/node/-/node-16.11.0.tgz",
      "integrity": "sha512-8MLkBIYQMuhRBQzGN9875bYsOhPnf/0rgXGo66S2FemHkhbn9qtsz9ywV1iCG+vbjigE4WUNVvw37Dx+L0qsPg=="
    },
    "@types/ws": {
      "version": "8.2.0",
      "resolved": "https://registry.npmjs.org/@types/ws/-/ws-8.2.0.tgz",
      "integrity": "sha512-cyeefcUCgJlEk+hk2h3N+MqKKsPViQgF5boi9TTHSK+PoR9KWBb/C5ccPcDyAqgsbAYHTwulch725DV84+pSpg==",
      "requires": {
        "@types/node": "*"
      }
    },
    "asynckit": {
      "version": "0.4.0",
      "resolved": "https://registry.npmjs.org/asynckit/-/asynckit-0.4.0.tgz",
      "integrity": "sha1-x57Zf380y48robyXkLzDZkdLS3k="
    },
    "bignumber.js": {
      "version": "9.0.2",
      "resolved": "https://registry.npmjs.org/bignumber.js/-/bignumber.js-9.0.2.tgz",
      "integrity": "sha512-GAcQvbpsM0pUb0zw1EI0KhQEZ+lRwR5fYaAp3vPOYuP7aDvGy6cVN6XHLauvF8SOga2y0dcLcjt3iQDTSEliyw=="
    },
    "callsites": {
      "version": "3.1.0",
      "resolved": "https://registry.npmjs.org/callsites/-/callsites-3.1.0.tgz",
      "integrity": "sha512-P8BjAsXvZS+VIDUI11hHCQEv74YT67YUi5JJFNWIqL235sBmjX4+qx9Muvls5ivyNENctx46xQLQ3aTuE7ssaQ=="
    },
    "combined-stream": {
      "version": "1.0.8",
      "resolved": "https://registry.npmjs.org/combined-stream/-/combined-stream-1.0.8.tgz",
      "integrity": "sha512-FQN4MRfuJeHf7cBbBMJFXhKSDq+2kAArBlmRBvcvFE5BB1HZKXtSFASDhdlz9zOYwxh8lDdnvmMOe/+5cdoEdg==",
      "requires": {
        "delayed-stream": "~1.0.0"
      }
    },
    "core-util-is": {
      "version": "1.0.3",
      "resolved": "https://registry.npmjs.org/core-util-is/-/core-util-is-1.0.3.tgz",
      "integrity": "sha512-ZQBvi1DcpJ4GDqanjucZ2Hj3wEO5pZDS89BWbkcrvdxksJorwUDDZamX9ldFkp9aw2lmBDLgkObEA4DWNJ9FYQ=="
    },
    "cors": {
      "version": "2.8.5",
      "resolved": "https://registry.npmjs.org/cors/-/cors-2.8.5.tgz",
      "integrity": "sha512-KIHbLJqu73RGr/hnbrO9uBeixNGuvSQjul/jdFvS/KFSIH1hWVd1ng7zOHx+YrEfInLG7q4n6GHQ9cDtxv/P6g==",
      "requires": {
        "object-assign": "^4",
        "vary": "^1"
      }
    },
    "cron": {
      "version": "1.8.2",
      "resolved": "https://registry.npmjs.org/cron/-/cron-1.8.2.tgz",
      "integrity": "sha512-Gk2c4y6xKEO8FSAUTklqtfSr7oTq0CiPQeLBG5Fl0qoXpZyMcj1SG59YL+hqq04bu6/IuEA7lMkYDAplQNKkyg==",
      "requires": {
        "moment-timezone": "^0.5.x"
      }
    },
    "date-fns": {
      "version": "2.28.0",
      "resolved": "https://registry.npmjs.org/date-fns/-/date-fns-2.28.0.tgz",
      "integrity": "sha512-8d35hViGYx/QH0icHYCeLmsLmMUheMmTyV9Fcm6gvNwdw31yXXH+O85sOBJ+OLnLQMKZowvpKb6FgMIQjcpvQw=="
    },
    "delayed-stream": {
      "version": "1.0.0",
      "resolved": "https://registry.npmjs.org/delayed-stream/-/delayed-stream-1.0.0.tgz",
      "integrity": "sha1-3zrhmayt+31ECqrgsp4icrJOxhk="
    },
    "discord-api-types": {
      "version": "0.23.1",
      "resolved": "https://registry.npmjs.org/discord-api-types/-/discord-api-types-0.23.1.tgz",
      "integrity": "sha512-igWmn+45mzXRWNEPU25I/pr8MwxHb767wAr51oy3VRLRcTlp5ADBbrBR0lq3SA1Rfw3MtM4TQu1xo3kxscfVdQ=="
    },
    "discord.js": {
      "version": "13.2.0",
      "resolved": "https://registry.npmjs.org/discord.js/-/discord.js-13.2.0.tgz",
      "integrity": "sha512-nyxUvL8wuQG38zx13wUMkpcA8koFszyiXdkSLwwM9opKW2LC2H5gD0cTZxImeJ6GtEnKPWT8xBiE8lLBmbNIhw==",
      "requires": {
        "@discordjs/builders": "^0.6.0",
        "@discordjs/collection": "^0.2.1",
        "@discordjs/form-data": "^3.0.1",
        "@sapphire/async-queue": "^1.1.5",
        "@types/ws": "^8.2.0",
        "discord-api-types": "^0.23.1",
        "node-fetch": "^2.6.1",
        "ws": "^8.2.3"
      }
    },
    "dot-prop": {
      "version": "6.0.1",
      "resolved": "https://registry.npmjs.org/dot-prop/-/dot-prop-6.0.1.tgz",
      "integrity": "sha512-tE7ztYzXHIeyvc7N+hR3oi7FIbf/NIjVP9hmAt3yMXzrQ072/fpjGLx2GxNxGxUl5V73MEqYzioOMoVhGMJ5cA==",
      "requires": {
        "is-obj": "^2.0.0"
      }
    },
    "dotenv": {
      "version": "10.0.0",
      "resolved": "https://registry.npmjs.org/dotenv/-/dotenv-10.0.0.tgz",
      "integrity": "sha512-rlBi9d8jpv9Sf1klPjNfFAuWDjKLwTIJJ/VxtoTwIR6hnZxcEOQCZg2oIL3MWBYw5GpUDKOEnND7LXTbIpQ03Q=="
    },
    "inherits": {
      "version": "2.0.4",
      "resolved": "https://registry.npmjs.org/inherits/-/inherits-2.0.4.tgz",
      "integrity": "sha512-k/vGaX4/Yla3WzyMCvTQOXYeIHvqOKtnqBduzTHpzpQZzAskKMhZ2K+EnBiSM9zGSoIFeMpXKxa4dYeZIQqewQ=="
    },
    "is-obj": {
      "version": "2.0.0",
      "resolved": "https://registry.npmjs.org/is-obj/-/is-obj-2.0.0.tgz",
      "integrity": "sha512-drqDG3cbczxxEJRoOXcOjtdp1J/lyp1mNn0xaznRs8+muBhgQcrnbspox5X5fOw0HnMnbfDzvnEMEtqDEJEo8w=="
    },
    "isarray": {
      "version": "1.0.0",
      "resolved": "https://registry.npmjs.org/isarray/-/isarray-1.0.0.tgz",
      "integrity": "sha1-u5NdSFgsuhaMBoNJV6VKPgcSTxE="
    },
    "lodash.isequal": {
      "version": "4.5.0",
      "resolved": "https://registry.npmjs.org/lodash.isequal/-/lodash.isequal-4.5.0.tgz",
      "integrity": "sha1-QVxEePK8wwEgwizhDtMib30+GOA="
    },
    "mime-db": {
      "version": "1.50.0",
      "resolved": "https://registry.npmjs.org/mime-db/-/mime-db-1.50.0.tgz",
      "integrity": "sha512-9tMZCDlYHqeERXEHO9f/hKfNXhre5dK2eE/krIvUjZbS2KPcqGDfNShIWS1uW9XOTKQKqK6qbeOci18rbfW77A=="
    },
    "mime-types": {
      "version": "2.1.33",
      "resolved": "https://registry.npmjs.org/mime-types/-/mime-types-2.1.33.tgz",
      "integrity": "sha512-plLElXp7pRDd0bNZHw+nMd52vRYjLwQjygaNg7ddJ2uJtTlmnTCjWuPKxVu6//AdaRuME84SvLW91sIkBqGT0g==",
      "requires": {
        "mime-db": "1.50.0"
      }
    },
    "moment": {
      "version": "2.29.1",
      "resolved": "https://registry.npmjs.org/moment/-/moment-2.29.1.tgz",
      "integrity": "sha512-kHmoybcPV8Sqy59DwNDY3Jefr64lK/by/da0ViFcuA4DH0vQg5Q6Ze5VimxkfQNSC+Mls/Kx53s7TjP1RhFEDQ=="
    },
    "moment-timezone": {
      "version": "0.5.34",
      "resolved": "https://registry.npmjs.org/moment-timezone/-/moment-timezone-0.5.34.tgz",
      "integrity": "sha512-3zAEHh2hKUs3EXLESx/wsgw6IQdusOT8Bxm3D9UrHPQR7zlMmzwybC8zHEM1tQ4LJwP7fcxrWr8tuBg05fFCbg==",
      "requires": {
        "moment": ">= 2.9.0"
      }
    },
    "mysql": {
      "version": "github:mysqljs/mysql#dc9c152a87ec51a1f647447268917243d2eab1fd",
      "from": "github:mysqljs/mysql",
      "requires": {
        "bignumber.js": "9.0.2",
        "readable-stream": "2.3.7",
        "safe-buffer": "5.2.1",
        "sqlstring": "2.3.3"
      }
    },
    "nanoid": {
      "version": "3.3.1",
      "resolved": "https://registry.npmjs.org/nanoid/-/nanoid-3.3.1.tgz",
      "integrity": "sha512-n6Vs/3KGyxPQd6uO0eH4Bv0ojGSUvuLlIHtC3Y0kEO23YRge8H9x1GCzLn28YX0H66pMkxuaeESFq4tKISKwdw=="
    },
    "node-fetch": {
      "version": "2.6.7",
      "resolved": "https://registry.npmjs.org/node-fetch/-/node-fetch-2.6.7.tgz",
      "integrity": "sha512-ZjMPFEfVx5j+y2yF35Kzx5sF7kDzxuDj6ziH4FFbOp87zKDZNx8yExJIb05OGF4Nlt9IHFIMBkRl41VdvcNdbQ==",
      "requires": {
        "whatwg-url": "^5.0.0"
      }
    },
    "object-assign": {
      "version": "4.1.1",
      "resolved": "https://registry.npmjs.org/object-assign/-/object-assign-4.1.1.tgz",
      "integrity": "sha1-IQmtx5ZYh8/AXLvUQsrIv7s2CGM="
    },
    "ow": {
      "version": "0.27.0",
      "resolved": "https://registry.npmjs.org/ow/-/ow-0.27.0.tgz",
      "integrity": "sha512-SGnrGUbhn4VaUGdU0EJLMwZWSupPmF46hnTRII7aCLCrqixTAC5eKo8kI4/XXf1eaaI8YEVT+3FeGNJI9himAQ==",
      "requires": {
        "@sindresorhus/is": "^4.0.1",
        "callsites": "^3.1.0",
        "dot-prop": "^6.0.1",
        "lodash.isequal": "^4.5.0",
        "type-fest": "^1.2.1",
        "vali-date": "^1.0.0"
      }
    },
    "process-nextick-args": {
      "version": "2.0.1",
      "resolved": "https://registry.npmjs.org/process-nextick-args/-/process-nextick-args-2.0.1.tgz",
      "integrity": "sha512-3ouUOpQhtgrbOa17J7+uxOTpITYWaGP7/AhoR3+A+/1e9skrzelGi/dXzEYyvbxubEF6Wn2ypscTKiKJFFn1ag=="
    },
    "readable-stream": {
      "version": "2.3.7",
      "resolved": "https://registry.npmjs.org/readable-stream/-/readable-stream-2.3.7.tgz",
      "integrity": "sha512-Ebho8K4jIbHAxnuxi7o42OrZgF/ZTNcsZj6nRKyUmkhLFq8CHItp/fy6hQZuZmP/n3yZ9VBUbp4zz/mX8hmYPw==",
      "requires": {
        "core-util-is": "~1.0.0",
        "inherits": "~2.0.3",
        "isarray": "~1.0.0",
        "process-nextick-args": "~2.0.0",
        "safe-buffer": "~5.1.1",
        "string_decoder": "~1.1.1",
        "util-deprecate": "~1.0.1"
      },
      "dependencies": {
        "safe-buffer": {
          "version": "5.1.2",
          "resolved": "https://registry.npmjs.org/safe-buffer/-/safe-buffer-5.1.2.tgz",
          "integrity": "sha512-Gd2UZBJDkXlY7GbJxfsE8/nvKkUEU1G38c1siN6QP6a9PT9MmHB8GnpscSmMJSoF8LOIrt8ud/wPtojys4G6+g=="
        }
      }
    },
    "safe-buffer": {
      "version": "5.2.1",
      "resolved": "https://registry.npmjs.org/safe-buffer/-/safe-buffer-5.2.1.tgz",
      "integrity": "sha512-rp3So07KcdmmKbGvgaNxQSJr7bGVSVk5S9Eq1F+ppbRo70+YeaDxkw5Dd8NPN+GD6bjnYm2VuPuCXmpuYvmCXQ=="
    },
    "sqlstring": {
      "version": "2.3.3",
      "resolved": "https://registry.npmjs.org/sqlstring/-/sqlstring-2.3.3.tgz",
      "integrity": "sha512-qC9iz2FlN7DQl3+wjwn3802RTyjCx7sDvfQEXchwa6CWOx07/WVfh91gBmQ9fahw8snwGEWU3xGzOt4tFyHLxg=="
    },
    "string_decoder": {
      "version": "1.1.1",
      "resolved": "https://registry.npmjs.org/string_decoder/-/string_decoder-1.1.1.tgz",
      "integrity": "sha512-n/ShnvDi6FHbbVfviro+WojiFzv+s8MPMHBczVePfUpDJLwoLT0ht1l4YwBCbi8pJAveEEdnkHyPyTP/mzRfwg==",
      "requires": {
        "safe-buffer": "~5.1.0"
      },
      "dependencies": {
        "safe-buffer": {
          "version": "5.1.2",
          "resolved": "https://registry.npmjs.org/safe-buffer/-/safe-buffer-5.1.2.tgz",
          "integrity": "sha512-Gd2UZBJDkXlY7GbJxfsE8/nvKkUEU1G38c1siN6QP6a9PT9MmHB8GnpscSmMJSoF8LOIrt8ud/wPtojys4G6+g=="
        }
      }
    },
    "tr46": {
      "version": "0.0.3",
      "resolved": "https://registry.npmjs.org/tr46/-/tr46-0.0.3.tgz",
      "integrity": "sha1-gYT9NH2snNwYWZLzpmIuFLnZq2o="
    },
    "ts-mixer": {
      "version": "6.0.0",
      "resolved": "https://registry.npmjs.org/ts-mixer/-/ts-mixer-6.0.0.tgz",
      "integrity": "sha512-nXIb1fvdY5CBSrDIblLn73NW0qRDk5yJ0Sk1qPBF560OdJfQp9jhl+0tzcY09OZ9U+6GpeoI9RjwoIKFIoB9MQ=="
    },
    "tslib": {
      "version": "2.3.1",
      "resolved": "https://registry.npmjs.org/tslib/-/tslib-2.3.1.tgz",
      "integrity": "sha512-77EbyPPpMz+FRFRuAFlWMtmgUWGe9UOG2Z25NqCwiIjRhOf5iKGuzSe5P2w1laq+FkRy4p+PCuVkJSGkzTEKVw=="
    },
    "type-fest": {
      "version": "1.4.0",
      "resolved": "https://registry.npmjs.org/type-fest/-/type-fest-1.4.0.tgz",
      "integrity": "sha512-yGSza74xk0UG8k+pLh5oeoYirvIiWo5t0/o3zHHAO2tRDiZcxWP7fywNlXhqb6/r6sWvwi+RsyQMWhVLe4BVuA=="
    },
    "util-deprecate": {
      "version": "1.0.2",
      "resolved": "https://registry.npmjs.org/util-deprecate/-/util-deprecate-1.0.2.tgz",
      "integrity": "sha1-RQ1Nyfpw3nMnYvvS1KKJgUGaDM8="
    },
    "vali-date": {
      "version": "1.0.0",
      "resolved": "https://registry.npmjs.org/vali-date/-/vali-date-1.0.0.tgz",
      "integrity": "sha1-G5BKWWCfsyjvB4E4Qgk09rhnCaY="
    },
    "vary": {
      "version": "1.1.2",
      "resolved": "https://registry.npmjs.org/vary/-/vary-1.1.2.tgz",
      "integrity": "sha1-IpnwLG3tMNSllhsLn3RSShj2NPw="
    },
    "webidl-conversions": {
      "version": "3.0.1",
      "resolved": "https://registry.npmjs.org/webidl-conversions/-/webidl-conversions-3.0.1.tgz",
      "integrity": "sha1-JFNCdeKnvGvnvIZhHMFq4KVlSHE="
    },
    "whatwg-url": {
      "version": "5.0.0",
      "resolved": "https://registry.npmjs.org/whatwg-url/-/whatwg-url-5.0.0.tgz",
      "integrity": "sha1-lmRU6HZUYuN2RNNib2dCzotwll0=",
      "requires": {
        "tr46": "~0.0.3",
        "webidl-conversions": "^3.0.0"
      }
    },
    "ws": {
      "version": "8.2.3",
      "resolved": "https://registry.npmjs.org/ws/-/ws-8.2.3.tgz",
      "integrity": "sha512-wBuoj1BDpC6ZQ1B7DWQBYVLphPWkm8i9Y0/3YdHjHKHiohOJ1ws+3OccDWtH+PoC9DZD5WOTrJvNbWvjS6JWaA=="
    }
  }
}
